
Microsoft Visual Studio Solution File, Format Version 12.00
# Visual Studio Version 17
VisualStudioVersion = 17.10.35027.167
MinimumVisualStudioVersion = 10.0.40219.1
Project("{9A19103F-16F7-4668-BE54-9A1E7A4F7556}") = "SIMS_SE06205", "SIMS_SE06205\SIMS_SE06205.csproj", "{EB6166CA-4CC9-48E0-9640-409711F67976}"
EndProject
Project("{9A19103F-16F7-4668-BE54-9A1E7A4F7556}") = "Test_SIMS_SE06204", "Test_SIMS_SE06204\Test_SIMS_SE06204.csproj", "{088181B3-0DFE-43E6-B386-E0E3AFE00CF2}"
EndProject
Global
	GlobalSection(SolutionConfigurationPlatforms) = preSolution
		Debug|Any CPU = Debug|Any CPU
		Release|Any CPU = Release|Any CPU
	EndGlobalSection
	GlobalSection(ProjectConfigurationPlatforms) = postSolution
		{EB6166CA-4CC9-48E0-9640-409711F67976}.Debug|Any CPU.ActiveCfg = Debug|Any CPU
		{EB6166CA-4CC9-48E0-9640-409711F67976}.Debug|Any CPU.Build.0 = Debug|Any CPU
		{EB6166CA-4CC9-48E0-9640-409711F67976}.Release|Any CPU.ActiveCfg = Release|Any CPU
		{EB6166CA-4CC9-48E0-9640-409711F67976}.Release|Any CPU.Build.0 = Release|Any CPU
		{088181B3-0DFE-43E6-B386-E0E3AFE00CF2}.Debug|Any CPU.ActiveCfg = Debug|Any CPU
		{088181B3-0DFE-43E6-B386-E0E3AFE00CF2}.Debug|Any CPU.Build.0 = Debug|Any CPU
		{088181B3-0DFE-43E6-B386-E0E3AFE00CF2}.Release|Any CPU.ActiveCfg = Release|Any CPU
		{088181B3-0DFE-43E6-B386-E0E3AFE00CF2}.Release|Any CPU.Build.0 = Release|Any CPU
	EndGlobalSection
	GlobalSection(SolutionProperties) = preSolution
		HideSolutionNode = FALSE
	EndGlobalSection
	GlobalSection(ExtensibilityGlobals) = postSolution
		SolutionGuid = {E8AB068E-50C6-4E2E-B578-1033C75CFD45}
	EndGlobalSection
EndGlobal
